
Microsoft Visual Studio Solution File, Format Version 12.00
# Visual Studio Version 16
VisualStudioVersion = 16.0.30711.63
MinimumVisualStudioVersion = 10.0.40219.1
Project("{FAE04EC0-301F-11D3-BF4B-00C04F79EFBC}") = "App3.Android", "App3\App3.Android\App3.Android.csproj", "{0EBA58C7-6C84-401C-BC09-DBB8BB4DA9EA}"
EndProject
Project("{9A19103F-16F7-4668-BE54-9A1E7A4F7556}") = "App3", "App3\App3\App3.csproj", "{AEB00FC0-9306-4CEF-A571-C8CF1EC5279A}"
EndProject
Global
	GlobalSection(SolutionConfigurationPlatforms) = preSolution
		Debug|Any CPU = Debug|Any CPU
		Debug|ARM = Debug|ARM
		Debug|iPhone = Debug|iPhone
		Debug|iPhoneSimulator = Debug|iPhoneSimulator
		Debug|x64 = Debug|x64
		Debug|x86 = Debug|x86
		Release|Any CPU = Release|Any CPU
		Release|ARM = Release|ARM
		Release|iPhone = Release|iPhone
		Release|iPhoneSimulator = Release|iPhoneSimulator
		Release|x64 = Release|x64
		Release|x86 = Release|x86
	EndGlobalSection
	GlobalSection(ProjectConfigurationPlatforms) = postSolution
		{0EBA58C7-6C84-401C-BC09-DBB8BB4DA9EA}.Debug|Any CPU.ActiveCfg = Debug|Any CPU
		{0EBA58C7-6C84-401C-BC09-DBB8BB4DA9EA}.Debug|Any CPU.Build.0 = Debug|Any CPU
		{0EBA58C7-6C84-401C-BC09-DBB8BB4DA9EA}.Debug|Any CPU.Deploy.0 = Debug|Any CPU
		{0EBA58C7-6C84-401C-BC09-DBB8BB4DA9EA}.Debug|ARM.ActiveCfg = Debug|Any CPU
		{0EBA58C7-6C84-401C-BC09-DBB8BB4DA9EA}.Debug|ARM.Build.0 = Debug|Any CPU
		{0EBA58C7-6C84-401C-BC09-DBB8BB4DA9EA}.Debug|ARM.Deploy.0 = Debug|Any CPU
		{0EBA58C7-6C84-401C-BC09-DBB8BB4DA9EA}.Debug|iPhone.ActiveCfg = Debug|Any CPU
		{0EBA58C7-6C84-401C-BC09-DBB8BB4DA9EA}.Debug|iPhone.Build.0 = Debug|Any CPU
		{0EBA58C7-6C84-401C-BC09-DBB8BB4DA9EA}.Debug|iPhone.Deploy.0 = Debug|Any CPU
		{0EBA58C7-6C84-401C-BC09-DBB8BB4DA9EA}.Debug|iPhoneSimulator.ActiveCfg = Debug|Any CPU
		{0EBA58C7-6C84-401C-BC09-DBB8BB4DA9EA}.Debug|iPhoneSimulator.Build.0 = Debug|Any CPU
		{0EBA58C7-6C84-401C-BC09-DBB8BB4DA9EA}.Debug|iPhoneSimulator.Deploy.0 = Debug|Any CPU
		{0EBA58C7-6C84-401C-BC09-DBB8BB4DA9EA}.Debug|x64.ActiveCfg = Debug|Any CPU
		{0EBA58C7-6C84-401C-BC09-DBB8BB4DA9EA}.Debug|x64.Build.0 = Debug|Any CPU
		{0EBA58C7-6C84-401C-BC09-DBB8BB4DA9EA}.Debug|x64.Deploy.0 = Debug|Any CPU
		{0EBA58C7-6C84-401C-BC09-DBB8BB4DA9EA}.Debug|x86.ActiveCfg = Debug|Any CPU
		{0EBA58C7-6C84-401C-BC09-DBB8BB4DA9EA}.Debug|x86.Build.0 = Debug|Any CPU
		{0EBA58C7-6C84-401C-BC09-DBB8BB4DA9EA}.Release|Any CPU.ActiveCfg = Release|Any CPU
		{0EBA58C7-6C84-401C-BC09-DBB8BB4DA9EA}.Release|Any CPU.Build.0 = Release|Any CPU
		{0EBA58C7-6C84-401C-BC09-DBB8BB4DA9EA}.Release|Any CPU.Deploy.0 = Release|Any CPU
		{0EBA58C7-6C84-401C-BC09-DBB8BB4DA9EA}.Release|ARM.ActiveCfg = Release|Any CPU
		{0EBA58C7-6C84-401C-BC09-DBB8BB4DA9EA}.Release|ARM.Build.0 = Release|Any CPU
		{0EBA58C7-6C84-401C-BC09-DBB8BB4DA9EA}.Release|ARM.Deploy.0 = Release|Any CPU
		{0EBA58C7-6C84-401C-BC09-DBB8BB4DA9EA}.Release|iPhone.ActiveCfg = Release|Any CPU
		{0EBA58C7-6C84-401C-BC09-DBB8BB4DA9EA}.Release|iPhone.Build.0 = Release|Any CPU
		{0EBA58C7-6C84-401C-BC09-DBB8BB4DA9EA}.Release|iPhone.Deploy.0 = Release|Any CPU
		{0EBA58C7-6C84-401C-BC09-DBB8BB4DA9EA}.Release|iPhoneSimulator.ActiveCfg = Release|Any CPU
		{0EBA58C7-6C84-401C-BC09-DBB8BB4DA9EA}.Release|iPhoneSimulator.Build.0 = Release|Any CPU
		{0EBA58C7-6C84-401C-BC09-DBB8BB4DA9EA}.Release|iPhoneSimulator.Deploy.0 = Release|Any CPU
		{0EBA58C7-6C84-401C-BC09-DBB8BB4DA9EA}.Release|x64.ActiveCfg = Release|Any CPU
		{0EBA58C7-6C84-401C-BC09-DBB8BB4DA9EA}.Release|x64.Build.0 = Release|Any CPU
		{0EBA58C7-6C84-401C-BC09-DBB8BB4DA9EA}.Release|x64.Deploy.0 = Release|Any CPU
		{0EBA58C7-6C84-401C-BC09-DBB8BB4DA9EA}.Release|x86.ActiveCfg = Release|Any CPU
		{0EBA58C7-6C84-401C-BC09-DBB8BB4DA9EA}.Release|x86.Build.0 = Release|Any CPU
		{0EBA58C7-6C84-401C-BC09-DBB8BB4DA9EA}.Release|x86.Deploy.0 = Release|Any CPU
		{AEB00FC0-9306-4CEF-A571-C8CF1EC5279A}.Debug|Any CPU.ActiveCfg = Debug|Any CPU
		{AEB00FC0-9306-4CEF-A571-C8CF1EC5279A}.Debug|Any CPU.Build.0 = Debug|Any CPU
		{AEB00FC0-9306-4CEF-A571-C8CF1EC5279A}.Debug|Any CPU.Deploy.0 = Debug|Any CPU
		{AEB00FC0-9306-4CEF-A571-C8CF1EC5279A}.Debug|ARM.ActiveCfg = Debug|Any CPU
		{AEB00FC0-9306-4CEF-A571-C8CF1EC5279A}.Debug|ARM.Build.0 = Debug|Any CPU
		{AEB00FC0-9306-4CEF-A571-C8CF1EC5279A}.Debug|ARM.Deploy.0 = Debug|Any CPU
		{AEB00FC0-9306-4CEF-A571-C8CF1EC5279A}.Debug|iPhone.ActiveCfg = Debug|Any CPU
		{AEB00FC0-9306-4CEF-A571-C8CF1EC5279A}.Debug|iPhone.Build.0 = Debug|Any CPU
		{AEB00FC0-9306-4CEF-A571-C8CF1EC5279A}.Debug|iPhone.Deploy.0 = Debug|Any CPU
		{AEB00FC0-9306-4CEF-A571-C8CF1EC5279A}.Debug|iPhoneSimulator.ActiveCfg = Debug|Any CPU
		{AEB00FC0-9306-4CEF-A571-C8CF1EC5279A}.Debug|iPhoneSimulator.Build.0 = Debug|Any CPU
		{AEB00FC0-9306-4CEF-A571-C8CF1EC5279A}.Debug|iPhoneSimulator.Deploy.0 = Debug|Any CPU
		{AEB00FC0-9306-4CEF-A571-C8CF1EC5279A}.Debug|x64.ActiveCfg = Debug|Any CPU
		{AEB00FC0-9306-4CEF-A571-C8CF1EC5279A}.Debug|x64.Build.0 = Debug|Any CPU
		{AEB00FC0-9306-4CEF-A571-C8CF1EC5279A}.Debug|x64.Deploy.0 = Debug|Any CPU
		{AEB00FC0-9306-4CEF-A571-C8CF1EC5279A}.Debug|x86.ActiveCfg = Debug|Any CPU
		{AEB00FC0-9306-4CEF-A571-C8CF1EC5279A}.Debug|x86.Build.0 = Debug|Any CPU
		{AEB00FC0-9306-4CEF-A571-C8CF1EC5279A}.Debug|x86.Deploy.0 = Debug|Any CPU
		{AEB00FC0-9306-4CEF-A571-C8CF1EC5279A}.Release|Any CPU.ActiveCfg = Release|Any CPU
		{AEB00FC0-9306-4CEF-A571-C8CF1EC5279A}.Release|Any CPU.Build.0 = Release|Any CPU
		{AEB00FC0-9306-4CEF-A571-C8CF1EC5279A}.Release|Any CPU.Deploy.0 = Release|Any CPU
		{AEB00FC0-9306-4CEF-A571-C8CF1EC5279A}.Release|ARM.ActiveCfg = Release|Any CPU
		{AEB00FC0-9306-4CEF-A571-C8CF1EC5279A}.Release|ARM.Build.0 = Release|Any CPU
		{AEB00FC0-9306-4CEF-A571-C8CF1EC5279A}.Release|ARM.Deploy.0 = Release|Any CPU
		{AEB00FC0-9306-4CEF-A571-C8CF1EC5279A}.Release|iPhone.ActiveCfg = Release|Any CPU
		{AEB00FC0-9306-4CEF-A571-C8CF1EC5279A}.Release|iPhone.Build.0 = Release|Any CPU
		{AEB00FC0-9306-4CEF-A571-C8CF1EC5279A}.Release|iPhone.Deploy.0 = Release|Any CPU
		{AEB00FC0-9306-4CEF-A571-C8CF1EC5279A}.Release|iPhoneSimulator.ActiveCfg = Release|Any CPU
		{AEB00FC0-9306-4CEF-A571-C8CF1EC5279A}.Release|iPhoneSimulator.Build.0 = Release|Any CPU
		{AEB00FC0-9306-4CEF-A571-C8CF1EC5279A}.Release|iPhoneSimulator.Deploy.0 = Release|Any CPU
		{AEB00FC0-9306-4CEF-A571-C8CF1EC5279A}.Release|x64.ActiveCfg = Release|Any CPU
		{AEB00FC0-9306-4CEF-A571-C8CF1EC5279A}.Release|x64.Build.0 = Release|Any CPU
		{AEB00FC0-9306-4CEF-A571-C8CF1EC5279A}.Release|x64.Deploy.0 = Release|Any CPU
		{AEB00FC0-9306-4CEF-A571-C8CF1EC5279A}.Release|x86.ActiveCfg = Release|Any CPU
		{AEB00FC0-9306-4CEF-A571-C8CF1EC5279A}.Release|x86.Build.0 = Release|Any CPU
		{AEB00FC0-9306-4CEF-A571-C8CF1EC5279A}.Release|x86.Deploy.0 = Release|Any CPU
	EndGlobalSection
	GlobalSection(SolutionProperties) = preSolution
		HideSolutionNode = FALSE
	EndGlobalSection
	GlobalSection(ExtensibilityGlobals) = postSolution
		SolutionGuid = {0A123571-5FE2-4C7C-AA5F-B5DF92E276D7}
	EndGlobalSection
EndGlobal
